
Microsoft Visual Studio Solution File, Format Version 12.00
# Visual Studio 15
VisualStudioVersion = 15.0.27428.2037
MinimumVisualStudioVersion = 10.0.40219.1
Project("{FAE04EC0-301F-11D3-BF4B-00C04F79EFBC}") = "ApkConsole", "ApkConsole\ApkConsole.csproj", "{0BD5F531-03F3-46BF-A80E-45B49B496432}"
EndProject
Global
	GlobalSection(SolutionConfigurationPlatforms) = preSolution
		Debug|Any CPU = Debug|Any CPU
		Release|Any CPU = Release|Any CPU
	EndGlobalSection
	GlobalSection(ProjectConfigurationPlatforms) = postSolution
		{0BD5F531-03F3-46BF-A80E-45B49B496432}.Debug|Any CPU.ActiveCfg = Debug|Any CPU
		{0BD5F531-03F3-46BF-A80E-45B49B496432}.Debug|Any CPU.Build.0 = Debug|Any CPU
		{0BD5F531-03F3-46BF-A80E-45B49B496432}.Release|Any CPU.ActiveCfg = Release|Any CPU
		{0BD5F531-03F3-46BF-A80E-45B49B496432}.Release|Any CPU.Build.0 = Release|Any CPU
	EndGlobalSection
	GlobalSection(SolutionProperties) = preSolution
		HideSolutionNode = FALSE
	EndGlobalSection
	GlobalSection(ExtensibilityGlobals) = postSolution
		SolutionGuid = {752D41FC-CF0D-4758-B8CE-59BE55ACF23F}
	EndGlobalSection
EndGlobal
